
Microsoft Visual Studio Solution File, Format Version 12.00
# Visual Studio 14
VisualStudioVersion = 14.0.24720.0
MinimumVisualStudioVersion = 10.0.40219.1
Project("{2150E333-8FDC-42A3-9474-1A3956D46DE8}") = "Solution Items", "Solution Items", "{423F28EE-B977-4588-89BE-21BCAE507D6B}"
	ProjectSection(SolutionItems) = preProject
		LocalTestRun.testrunconfig = LocalTestRun.testrunconfig
		StibkampApps.vsmdi = StibkampApps.vsmdi
	EndProjectSection
EndProject
Project("{FAE04EC0-301F-11D3-BF4B-00C04F79EFBC}") = "form", "form\form.csproj", "{1DECAEF7-4032-475B-8CFF-B027B0DFA34E}"
EndProject
Project("{FAE04EC0-301F-11D3-BF4B-00C04F79EFBC}") = "StibkampApps", "StibkampApps\StibkampApps.csproj", "{01503C54-9DC6-4AFB-844C-32B7FD6E8A04}"
EndProject
Project("{F184B08F-C81C-45F6-A57F-5ABD9991F28F}") = "WebControlCaptcha", "WebControlCaptcha\WebControlCaptcha.vbproj", "{03D1C790-162A-4AC0-B33B-634B263C0A63}"
EndProject
Project("{FAE04EC0-301F-11D3-BF4B-00C04F79EFBC}") = "StibkampTest", "StibkampTest\StibkampTest.csproj", "{ACBB5C51-3DD7-4879-82EE-BC6088E8302F}"
EndProject
Global
	GlobalSection(SolutionConfigurationPlatforms) = preSolution
		Debug|Any CPU = Debug|Any CPU
		Release|Any CPU = Release|Any CPU
	EndGlobalSection
	GlobalSection(ProjectConfigurationPlatforms) = postSolution
		{1DECAEF7-4032-475B-8CFF-B027B0DFA34E}.Debug|Any CPU.ActiveCfg = Debug|Any CPU
		{1DECAEF7-4032-475B-8CFF-B027B0DFA34E}.Debug|Any CPU.Build.0 = Debug|Any CPU
		{1DECAEF7-4032-475B-8CFF-B027B0DFA34E}.Release|Any CPU.ActiveCfg = Release|Any CPU
		{1DECAEF7-4032-475B-8CFF-B027B0DFA34E}.Release|Any CPU.Build.0 = Release|Any CPU
		{01503C54-9DC6-4AFB-844C-32B7FD6E8A04}.Debug|Any CPU.ActiveCfg = Debug|Any CPU
		{01503C54-9DC6-4AFB-844C-32B7FD6E8A04}.Debug|Any CPU.Build.0 = Debug|Any CPU
		{01503C54-9DC6-4AFB-844C-32B7FD6E8A04}.Release|Any CPU.ActiveCfg = Release|Any CPU
		{01503C54-9DC6-4AFB-844C-32B7FD6E8A04}.Release|Any CPU.Build.0 = Release|Any CPU
		{03D1C790-162A-4AC0-B33B-634B263C0A63}.Debug|Any CPU.ActiveCfg = Debug|Any CPU
		{03D1C790-162A-4AC0-B33B-634B263C0A63}.Debug|Any CPU.Build.0 = Debug|Any CPU
		{03D1C790-162A-4AC0-B33B-634B263C0A63}.Release|Any CPU.ActiveCfg = Release|Any CPU
		{03D1C790-162A-4AC0-B33B-634B263C0A63}.Release|Any CPU.Build.0 = Release|Any CPU
		{ACBB5C51-3DD7-4879-82EE-BC6088E8302F}.Debug|Any CPU.ActiveCfg = Debug|Any CPU
		{ACBB5C51-3DD7-4879-82EE-BC6088E8302F}.Debug|Any CPU.Build.0 = Debug|Any CPU
		{ACBB5C51-3DD7-4879-82EE-BC6088E8302F}.Release|Any CPU.ActiveCfg = Release|Any CPU
		{ACBB5C51-3DD7-4879-82EE-BC6088E8302F}.Release|Any CPU.Build.0 = Release|Any CPU
	EndGlobalSection
	GlobalSection(SolutionProperties) = preSolution
		HideSolutionNode = FALSE
	EndGlobalSection
	GlobalSection(TestCaseManagementSettings) = postSolution
		CategoryFile = StibkampApps.vsmdi
	EndGlobalSection
EndGlobal
